
Microsoft Visual Studio Solution File, Format Version 12.00
# Visual Studio Version 17
VisualStudioVersion = 17.9.34622.214
MinimumVisualStudioVersion = 10.0.40219.1
Project("{FAE04EC0-301F-11D3-BF4B-00C04F79EFBC}") = "C_Datos", "C_Datos\C_Datos.csproj", "{095A0AB1-EA14-47BF-841B-DE34EC0D46BF}"
EndProject
Project("{FAE04EC0-301F-11D3-BF4B-00C04F79EFBC}") = "C_Negocio", "C_Negocio\C_Negocio.csproj", "{533FEDCC-21AB-49A9-9218-697ED56BB44D}"
EndProject
Project("{FAE04EC0-301F-11D3-BF4B-00C04F79EFBC}") = "C_Vista", "C_Vista\C_Vista.csproj", "{95F79B68-914F-491D-B1B2-7550052F10F2}"
EndProject
Global
	GlobalSection(SolutionConfigurationPlatforms) = preSolution
		Debug|Any CPU = Debug|Any CPU
		Release|Any CPU = Release|Any CPU
	EndGlobalSection
	GlobalSection(ProjectConfigurationPlatforms) = postSolution
		{095A0AB1-EA14-47BF-841B-DE34EC0D46BF}.Debug|Any CPU.ActiveCfg = Debug|Any CPU
		{095A0AB1-EA14-47BF-841B-DE34EC0D46BF}.Debug|Any CPU.Build.0 = Debug|Any CPU
		{095A0AB1-EA14-47BF-841B-DE34EC0D46BF}.Release|Any CPU.ActiveCfg = Release|Any CPU
		{095A0AB1-EA14-47BF-841B-DE34EC0D46BF}.Release|Any CPU.Build.0 = Release|Any CPU
		{533FEDCC-21AB-49A9-9218-697ED56BB44D}.Debug|Any CPU.ActiveCfg = Debug|Any CPU
		{533FEDCC-21AB-49A9-9218-697ED56BB44D}.Debug|Any CPU.Build.0 = Debug|Any CPU
		{533FEDCC-21AB-49A9-9218-697ED56BB44D}.Release|Any CPU.ActiveCfg = Release|Any CPU
		{533FEDCC-21AB-49A9-9218-697ED56BB44D}.Release|Any CPU.Build.0 = Release|Any CPU
		{95F79B68-914F-491D-B1B2-7550052F10F2}.Debug|Any CPU.ActiveCfg = Debug|Any CPU
		{95F79B68-914F-491D-B1B2-7550052F10F2}.Debug|Any CPU.Build.0 = Debug|Any CPU
		{95F79B68-914F-491D-B1B2-7550052F10F2}.Release|Any CPU.ActiveCfg = Release|Any CPU
		{95F79B68-914F-491D-B1B2-7550052F10F2}.Release|Any CPU.Build.0 = Release|Any CPU
	EndGlobalSection
	GlobalSection(SolutionProperties) = preSolution
		HideSolutionNode = FALSE
	EndGlobalSection
	GlobalSection(ExtensibilityGlobals) = postSolution
		SolutionGuid = {61A868DB-CFB7-492A-80D5-01628A8C1FD6}
	EndGlobalSection
EndGlobal
